# This file is autogenerated, do not edit; changes may be undone by the next 'dep ensure'.


[[projects]]
  branch = "master"
  digest = "1:d6b719875cf8091fbab38527d81d34e71f4521b9ee9ccfbd4a32cff2ac5af96e"
  name = "golang.org/x/net"
  packages = [
    "context",
    "context/ctxhttp",
  ]
  pruneopts = "UT"
  revision = "161cd47e91fd58ac17490ef4d742dc98bb4cf60e"

[solve-meta]
  analyzer-name = "dep"
  analyzer-version = 1
  input-imports = ["golang.org/x/net/context/ctxhttp"]
  solver-name = "gps-cdcl"
  solver-version = 1
